
Microsoft Visual Studio Solution File, Format Version 10.00
# Visual Studio 2008
Project("{FAE04EC0-301F-11D3-BF4B-00C04F79EFBC}") = "Fanny_Heirdoo", "Fanny_Heirdoo\Fanny_Heirdoo.csproj", "{A9B6F17D-7136-4AC2-B497-2AE1DB5A26BA}"
EndProject
Project("{2150E333-8FDC-42A3-9474-1A3956D46DE8}") = "FIles", "FIles", "{85155929-EB8B-4BEE-BC37-374C399B21C9}"
	ProjectSection(SolutionItems) = preProject
		Copy_Fanny.cmd = Copy_Fanny.cmd
		Copy_Fanny_Release.cmd = Copy_Fanny_Release.cmd
	EndProjectSection
EndProject
Project("{FAE04EC0-301F-11D3-BF4B-00C04F79EFBC}") = "reference", "reference\reference.csproj", "{1833A57C-5F52-43FA-84E3-5EDE2C994D42}"
EndProject
Project("{FAE04EC0-301F-11D3-BF4B-00C04F79EFBC}") = "BullyBot", "BullyBot\BullyBot.csproj", "{E5F2F37F-A8A1-4623-AC24-691BC08E6E0D}"
EndProject
Project("{FAE04EC0-301F-11D3-BF4B-00C04F79EFBC}") = "DualBot", "DualBot\DualBot.csproj", "{6A621AD7-BC57-404D-BDC1-B41DFB73EBA7}"
EndProject
Project("{FAE04EC0-301F-11D3-BF4B-00C04F79EFBC}") = "RageBot", "RageBot\RageBot.csproj", "{BEE29280-D12B-4D8F-BC9E-50CDE4F7F326}"
EndProject
Project("{FAE04EC0-301F-11D3-BF4B-00C04F79EFBC}") = "RandomBot", "RandomBot\RandomBot.csproj", "{3CA091FE-2148-4F17-B607-0BEE478998F0}"
EndProject
Project("{FAE04EC0-301F-11D3-BF4B-00C04F79EFBC}") = "ProspectorBot", "ProspectorBot\ProspectorBot.csproj", "{44ADD6B3-9493-4D14-9BB4-04679CE576FC}"
EndProject
Project("{FAE04EC0-301F-11D3-BF4B-00C04F79EFBC}") = "BatchRunner", "BatchRunner\BatchRunner.csproj", "{3124B795-57C5-4889-9FCF-8D6826508DDA}"
EndProject
Project("{FAE04EC0-301F-11D3-BF4B-00C04F79EFBC}") = "botDebug", "botDebug\botDebug.csproj", "{E6C870A6-681E-4868-9273-FF5B850A82A0}"
EndProject
Project("{2150E333-8FDC-42A3-9474-1A3956D46DE8}") = "Solution Items", "Solution Items", "{267AC4EE-EADB-4551-A350-DD1CDC27A485}"
EndProject
Global
	GlobalSection(SolutionConfigurationPlatforms) = preSolution
		Debug|x86 = Debug|x86
		Release|x86 = Release|x86
	EndGlobalSection
	GlobalSection(ProjectConfigurationPlatforms) = postSolution
		{A9B6F17D-7136-4AC2-B497-2AE1DB5A26BA}.Debug|x86.ActiveCfg = Debug|x86
		{A9B6F17D-7136-4AC2-B497-2AE1DB5A26BA}.Debug|x86.Build.0 = Debug|x86
		{A9B6F17D-7136-4AC2-B497-2AE1DB5A26BA}.Release|x86.ActiveCfg = Release|x86
		{A9B6F17D-7136-4AC2-B497-2AE1DB5A26BA}.Release|x86.Build.0 = Release|x86
		{1833A57C-5F52-43FA-84E3-5EDE2C994D42}.Debug|x86.ActiveCfg = Debug|x86
		{1833A57C-5F52-43FA-84E3-5EDE2C994D42}.Debug|x86.Build.0 = Debug|x86
		{1833A57C-5F52-43FA-84E3-5EDE2C994D42}.Release|x86.ActiveCfg = Release|x86
		{1833A57C-5F52-43FA-84E3-5EDE2C994D42}.Release|x86.Build.0 = Release|x86
		{E5F2F37F-A8A1-4623-AC24-691BC08E6E0D}.Debug|x86.ActiveCfg = Debug|x86
		{E5F2F37F-A8A1-4623-AC24-691BC08E6E0D}.Debug|x86.Build.0 = Debug|x86
		{E5F2F37F-A8A1-4623-AC24-691BC08E6E0D}.Release|x86.ActiveCfg = Release|x86
		{E5F2F37F-A8A1-4623-AC24-691BC08E6E0D}.Release|x86.Build.0 = Release|x86
		{6A621AD7-BC57-404D-BDC1-B41DFB73EBA7}.Debug|x86.ActiveCfg = Debug|x86
		{6A621AD7-BC57-404D-BDC1-B41DFB73EBA7}.Debug|x86.Build.0 = Debug|x86
		{6A621AD7-BC57-404D-BDC1-B41DFB73EBA7}.Release|x86.ActiveCfg = Release|x86
		{6A621AD7-BC57-404D-BDC1-B41DFB73EBA7}.Release|x86.Build.0 = Release|x86
		{BEE29280-D12B-4D8F-BC9E-50CDE4F7F326}.Debug|x86.ActiveCfg = Debug|x86
		{BEE29280-D12B-4D8F-BC9E-50CDE4F7F326}.Debug|x86.Build.0 = Debug|x86
		{BEE29280-D12B-4D8F-BC9E-50CDE4F7F326}.Release|x86.ActiveCfg = Release|x86
		{BEE29280-D12B-4D8F-BC9E-50CDE4F7F326}.Release|x86.Build.0 = Release|x86
		{3CA091FE-2148-4F17-B607-0BEE478998F0}.Debug|x86.ActiveCfg = Debug|x86
		{3CA091FE-2148-4F17-B607-0BEE478998F0}.Debug|x86.Build.0 = Debug|x86
		{3CA091FE-2148-4F17-B607-0BEE478998F0}.Release|x86.ActiveCfg = Release|x86
		{3CA091FE-2148-4F17-B607-0BEE478998F0}.Release|x86.Build.0 = Release|x86
		{44ADD6B3-9493-4D14-9BB4-04679CE576FC}.Debug|x86.ActiveCfg = Debug|x86
		{44ADD6B3-9493-4D14-9BB4-04679CE576FC}.Debug|x86.Build.0 = Debug|x86
		{44ADD6B3-9493-4D14-9BB4-04679CE576FC}.Release|x86.ActiveCfg = Release|x86
		{44ADD6B3-9493-4D14-9BB4-04679CE576FC}.Release|x86.Build.0 = Release|x86
		{3124B795-57C5-4889-9FCF-8D6826508DDA}.Debug|x86.ActiveCfg = Debug|x86
		{3124B795-57C5-4889-9FCF-8D6826508DDA}.Debug|x86.Build.0 = Debug|x86
		{3124B795-57C5-4889-9FCF-8D6826508DDA}.Release|x86.ActiveCfg = Release|x86
		{3124B795-57C5-4889-9FCF-8D6826508DDA}.Release|x86.Build.0 = Release|x86
		{E6C870A6-681E-4868-9273-FF5B850A82A0}.Debug|x86.ActiveCfg = Debug|x86
		{E6C870A6-681E-4868-9273-FF5B850A82A0}.Debug|x86.Build.0 = Debug|x86
		{E6C870A6-681E-4868-9273-FF5B850A82A0}.Release|x86.ActiveCfg = Release|x86
		{E6C870A6-681E-4868-9273-FF5B850A82A0}.Release|x86.Build.0 = Release|x86
	EndGlobalSection
	GlobalSection(SolutionProperties) = preSolution
		HideSolutionNode = FALSE
	EndGlobalSection
EndGlobal
